
Microsoft Visual Studio Solution File, Format Version 12.00
# Visual Studio 15
VisualStudioVersion = 15.0.27004.2009
MinimumVisualStudioVersion = 10.0.40219.1
Project("{FAE04EC0-301F-11D3-BF4B-00C04F79EFBC}") = "TeamWork", "TeamWork\TeamWork.csproj", "{AFEB9688-AC35-48A9-9F84-38299D707519}"
EndProject
Global
	GlobalSection(SolutionConfigurationPlatforms) = preSolution
		Debug|ARM = Debug|ARM
		Debug|x64 = Debug|x64
		Debug|x86 = Debug|x86
		Release|ARM = Release|ARM
		Release|x64 = Release|x64
		Release|x86 = Release|x86
	EndGlobalSection
	GlobalSection(ProjectConfigurationPlatforms) = postSolution
		{AFEB9688-AC35-48A9-9F84-38299D707519}.Debug|ARM.ActiveCfg = Debug|ARM
		{AFEB9688-AC35-48A9-9F84-38299D707519}.Debug|ARM.Build.0 = Debug|ARM
		{AFEB9688-AC35-48A9-9F84-38299D707519}.Debug|ARM.Deploy.0 = Debug|ARM
		{AFEB9688-AC35-48A9-9F84-38299D707519}.Debug|x64.ActiveCfg = Debug|x64
		{AFEB9688-AC35-48A9-9F84-38299D707519}.Debug|x64.Build.0 = Debug|x64
		{AFEB9688-AC35-48A9-9F84-38299D707519}.Debug|x64.Deploy.0 = Debug|x64
		{AFEB9688-AC35-48A9-9F84-38299D707519}.Debug|x86.ActiveCfg = Debug|x86
		{AFEB9688-AC35-48A9-9F84-38299D707519}.Debug|x86.Build.0 = Debug|x86
		{AFEB9688-AC35-48A9-9F84-38299D707519}.Debug|x86.Deploy.0 = Debug|x86
		{AFEB9688-AC35-48A9-9F84-38299D707519}.Release|ARM.ActiveCfg = Release|ARM
		{AFEB9688-AC35-48A9-9F84-38299D707519}.Release|ARM.Build.0 = Release|ARM
		{AFEB9688-AC35-48A9-9F84-38299D707519}.Release|ARM.Deploy.0 = Release|ARM
		{AFEB9688-AC35-48A9-9F84-38299D707519}.Release|x64.ActiveCfg = Release|x64
		{AFEB9688-AC35-48A9-9F84-38299D707519}.Release|x64.Build.0 = Release|x64
		{AFEB9688-AC35-48A9-9F84-38299D707519}.Release|x64.Deploy.0 = Release|x64
		{AFEB9688-AC35-48A9-9F84-38299D707519}.Release|x86.ActiveCfg = Release|x86
		{AFEB9688-AC35-48A9-9F84-38299D707519}.Release|x86.Build.0 = Release|x86
		{AFEB9688-AC35-48A9-9F84-38299D707519}.Release|x86.Deploy.0 = Release|x86
	EndGlobalSection
	GlobalSection(SolutionProperties) = preSolution
		HideSolutionNode = FALSE
	EndGlobalSection
	GlobalSection(ExtensibilityGlobals) = postSolution
		SolutionGuid = {62732D6C-A5EA-4AFC-BA16-2E1E69C547DE}
	EndGlobalSection
EndGlobal
